{
  "nodes": {
    "nixpkgs": {
      "locked": {
        "lastModified": 1776635459,
        "narHash": "sha256-S+ho7ntLexvkD2p8ca7lscbCO/VLzFjCwK9l/I2qR/8=",
        "rev": "8d8538e67e516362d9d09ee5d3ce73dce944612b",
        "type": "tarball",
        "url": "https://releases.nixos.org/nixos/unstable-small/nixos-26.05pre982961.8d8538e67e51/nixexprs.tar.xz"
      },
      "original": {
        "type": "tarball",
        "url": "https://channels.nixos.org/nixos-unstable-small/nixexprs.tar.xz"
      }
    },
    "root": {
      "inputs": {
        "nixpkgs": "nixpkgs"
      }
    }
  },
  "root": "root",
  "version": 7
}
