{
  "nodes": {
    "nixpkgs": {
      "locked": {
        "lastModified": 1775710090,
        "narHash": "sha256-WGjBfvXv/mcg5yBg+AtK1Q3FHyXfjAAeJROmg7DLYfM=",
        "rev": "4c1018dae018162ec878d42fec712642d214fdfa",
        "type": "tarball",
        "url": "https://releases.nixos.org/nixos/unstable/nixos-26.05pre977467.4c1018dae018/nixexprs.tar.xz"
      },
      "original": {
        "type": "tarball",
        "url": "https://channels.nixos.org/nixos-unstable/nixexprs.tar.xz"
      }
    },
    "root": {
      "inputs": {
        "nixpkgs": "nixpkgs",
        "zig": "zig"
      }
    },
    "zig": {
      "inputs": {
        "nixpkgs": [
          "nixpkgs"
        ]
      },
      "locked": {
        "lastModified": 1776208985,
        "narHash": "sha256-IOuRFpbeQ9jSk54OURX5yvjoC759ujgSNjkMKpChdDA=",
        "ref": "refs/heads/main",
        "rev": "e8ee348125247e7bd74932cc42ac92df90961d5b",
        "revCount": 1666,
        "type": "git",
        "url": "https://git.ocjtech.us/jeff/zig-overlay.git"
      },
      "original": {
        "type": "git",
        "url": "https://git.ocjtech.us/jeff/zig-overlay.git"
      }
    }
  },
  "root": "root",
  "version": 7
}
